Microsoft Visual Studio Solution File, Format Version 12.00
# Visual Studio Version 17
VisualStudioVersion = 17.5.33424.131
MinimumVisualStudioVersion = 10.0.40219.1
Project("{9A19103F-16F7-4668-BE54-9A1E7A4F7556}") = "DentaSoft", "DentaSoft\DentaSoft.csproj", "{0FAD34BA-6F11-4EFA-B2B8-3AB2D89AA0DE}"
EndProject
Project("{FAE04EC0-301F-11D3-BF4B-00C04F79EFBC}") = "DentaSoft.Common", "DentaSoft.Common\DentaSoft.Common.csproj", "{1F671646-1A54-4C72-9E09-83963F83C33E}"
EndProject
Project("{FAE04EC0-301F-11D3-BF4B-00C04F79EFBC}") = "DentaSoft.Model", "DentaSoft.Model\DentaSoft.Model.csproj", "{CAA17AB6-3173-4CCE-871B-5E3569707AA6}"
EndProject
Global
	GlobalSection(SolutionConfigurationPlatforms) = preSolution
		Debug|Any CPU = Debug|Any CPU
		Release|Any CPU = Release|Any CPU
	EndGlobalSection
	GlobalSection(ProjectConfigurationPlatforms) = postSolution
		{0FAD34BA-6F11-4EFA-B2B8-3AB2D89AA0DE}.Debug|Any CPU.ActiveCfg = Debug|Any CPU
		{0FAD34BA-6F11-4EFA-B2B8-3AB2D89AA0DE}.Debug|Any CPU.Build.0 = Debug|Any CPU
		{0FAD34BA-6F11-4EFA-B2B8-3AB2D89AA0DE}.Release|Any CPU.ActiveCfg = Release|Any CPU
		{0FAD34BA-6F11-4EFA-B2B8-3AB2D89AA0DE}.Release|Any CPU.Build.0 = Release|Any CPU
		{1F671646-1A54-4C72-9E09-83963F83C33E}.Debug|Any CPU.ActiveCfg = Debug|Any CPU
		{1F671646-1A54-4C72-9E09-83963F83C33E}.Debug|Any CPU.Build.0 = Debug|Any CPU
		{1F671646-1A54-4C72-9E09-83963F83C33E}.Release|Any CPU.ActiveCfg = Release|Any CPU
		{1F671646-1A54-4C72-9E09-83963F83C33E}.Release|Any CPU.Build.0 = Release|Any CPU
		{CAA17AB6-3173-4CCE-871B-5E3569707AA6}.Debug|Any CPU.ActiveCfg = Debug|Any CPU
		{CAA17AB6-3173-4CCE-871B-5E3569707AA6}.Debug|Any CPU.Build.0 = Debug|Any CPU
		{CAA17AB6-3173-4CCE-871B-5E3569707AA6}.Release|Any CPU.ActiveCfg = Release|Any CPU
		{CAA17AB6-3173-4CCE-871B-5E3569707AA6}.Release|Any CPU.Build.0 = Release|Any CPU
	EndGlobalSection
	GlobalSection(SolutionProperties) = preSolution
		HideSolutionNode = FALSE
	EndGlobalSection
	GlobalSection(ExtensibilityGlobals) = postSolution
		SolutionGuid = {6D019FEF-18E4-428A-84C1-C7A43CD7ACCC}
	EndGlobalSection
EndGlobal
